version = 1
revision = 3
requires-python = ">=3.10"

[[package]]
name = "clinicedc-constants"
version = "1.1.0"
source = { registry = "https://pypi.org/simple" }
sdist = { url = "https://files.pythonhosted.org/packages/c1/80/483a69809d7f7678d575cd4b35b7ed614abe381e525073db7c8064da9d27/clinicedc_constants-1.1.0.tar.gz", hash = "sha256:1e1dc01ad78d56d33bb7cff13450867f39c438f35a18621b8858c3a421fbce15", size = 5997, upload-time = "2025-10-28T21:47:37.693Z" }
wheels = [
    { url = "https://files.pythonhosted.org/packages/94/ba/0172a5973c056c937e75ec9e0ace1f27238f18b46aa4d5e1219d674068b5/clinicedc_constants-1.1.0-py3-none-any.whl", hash = "sha256:464c98bae3cfad362d431034aef81a0e0419bc7bc5789a55f6b72450811aad96", size = 7690, upload-time = "2025-10-28T21:47:36.725Z" },
]

[[package]]
name = "clinicedc-utils"
version = "0.3.0"
source = { editable = "." }
dependencies = [
    { name = "clinicedc-constants" },
]

[package.metadata]
requires-dist = [{ name = "clinicedc-constants", specifier = ">=1.0.1" }]
